// !$*UTF8*$!
{
	archiveVersion = 1;
	classes = {
	};
	objectVersion = 55;
	objects = {

/* Begin PBXBuildFile section */
		AA1D5B2028C04B7C00F94B07 /* ListUsersModel.swift in Sources */ = {isa = PBXBuildFile; fileRef = AA1D5B1F28C04B7C00F94B07 /* ListUsersModel.swift */; };
		AA1D5B2228C04BB100F94B07 /* ListUsersViewModel.swift in Sources */ = {isa = PBXBuildFile; fileRef = AA1D5B2128C04BB100F94B07 /* ListUsersViewModel.swift */; };
		AA91462228B9845600416876 /* LoginViewModel.swift in Sources */ = {isa = PBXBuildFile; fileRef = AA91462128B9845600416876 /* LoginViewModel.swift */; };
		AAAB4DC428BF1507007F0428 /* ListUsersView.swift in Sources */ = {isa = PBXBuildFile; fileRef = AAAB4DC328BF1507007F0428 /* ListUsersView.swift */; };
		AAAB4DC628BF16C0007F0428 /* Colores.xcassets in Resources */ = {isa = PBXBuildFile; fileRef = AAAB4DC528BF16C0007F0428 /* Colores.xcassets */; };
		AAAB4DC928BF1802007F0428 /* UANavigationView.swift in Sources */ = {isa = PBXBuildFile; fileRef = AAAB4DC828BF1802007F0428 /* UANavigationView.swift */; };
		AAAB4DCB28BF22A3007F0428 /* ContentView.swift in Sources */ = {isa = PBXBuildFile; fileRef = AAAB4DCA28BF22A2007F0428 /* ContentView.swift */; };
		AAABE98F28C17A15007785F0 /* ExtImage.swift in Sources */ = {isa = PBXBuildFile; fileRef = AAABE98E28C17A15007785F0 /* ExtImage.swift */; };
		AAABE99328C1811C007785F0 /* DetailUserView.swift in Sources */ = {isa = PBXBuildFile; fileRef = AAABE99228C1811C007785F0 /* DetailUserView.swift */; };
		AAABE99528C1862D007785F0 /* UINavigationBack.swift in Sources */ = {isa = PBXBuildFile; fileRef = AAABE99428C1862D007785F0 /* UINavigationBack.swift */; };
		AAABE99728C1881E007785F0 /* DetailUserViewModel.swift in Sources */ = {isa = PBXBuildFile; fileRef = AAABE99628C1881E007785F0 /* DetailUserViewModel.swift */; };
		AAABE99928C18897007785F0 /* DetailUserModel.swift in Sources */ = {isa = PBXBuildFile; fileRef = AAABE99828C18897007785F0 /* DetailUserModel.swift */; };
		AAB987CC28C2B0FD0075BA19 /* UANavigationExit.swift in Sources */ = {isa = PBXBuildFile; fileRef = AAB987CB28C2B0FD0075BA19 /* UANavigationExit.swift */; };
		AAC7A5D228B97F0200F6A037 /* UsersAppApp.swift in Sources */ = {isa = PBXBuildFile; fileRef = AAC7A5D128B97F0200F6A037 /* UsersAppApp.swift */; };
		AAC7A5D428B97F0200F6A037 /* LoginView.swift in Sources */ = {isa = PBXBuildFile; fileRef = AAC7A5D328B97F0200F6A037 /* LoginView.swift */; };
		AAC7A5D628B97F0300F6A037 /* Assets.xcassets in Resources */ = {isa = PBXBuildFile; fileRef = AAC7A5D528B97F0300F6A037 /* Assets.xcassets */; };
		AAC7A5D928B97F0300F6A037 /* Preview Assets.xcassets in Resources */ = {isa = PBXBuildFile; fileRef = AAC7A5D828B97F0300F6A037 /* Preview Assets.xcassets */; };
		AAC7A5E128B97F6B00F6A037 /* HeadersRequest.swift in Sources */ = {isa = PBXBuildFile; fileRef = AAC7A5E028B97F6B00F6A037 /* HeadersRequest.swift */; };
		AAC7A5E328B97F8500F6A037 /* MethodRequest.swift in Sources */ = {isa = PBXBuildFile; fileRef = AAC7A5E228B97F8500F6A037 /* MethodRequest.swift */; };
		AAC7A5E528B97FAA00F6A037 /* BaseRequests.swift in Sources */ = {isa = PBXBuildFile; fileRef = AAC7A5E428B97FAA00F6A037 /* BaseRequests.swift */; };
		AAC7A5E728B97FE900F6A037 /* ObjetcRequest.swift in Sources */ = {isa = PBXBuildFile; fileRef = AAC7A5E628B97FE900F6A037 /* ObjetcRequest.swift */; };
		AAC7A5EF28B981AF00F6A037 /* URLs.swift in Sources */ = {isa = PBXBuildFile; fileRef = AAC7A5EE28B981AF00F6A037 /* URLs.swift */; };
		AAC7A5F128B9835A00F6A037 /* LoginModel.swift in Sources */ = {isa = PBXBuildFile; fileRef = AAC7A5F028B9835A00F6A037 /* LoginModel.swift */; };
/* End PBXBuildFile section */

/* Begin PBXFileReference section */
		AA1D5B1F28C04B7C00F94B07 /* ListUsersModel.swift */ = {isa = PBXFileReference; lastKnownFileType = sourcecode.swift; path = ListUsersModel.swift; sourceTree = "<group>"; };
		AA1D5B2128C04BB100F94B07 /* ListUsersViewModel.swift */ = {isa = PBXFileReference; lastKnownFileType = sourcecode.swift; path = ListUsersViewModel.swift; sourceTree = "<group>"; };
		AA91462128B9845600416876 /* LoginViewModel.swift */ = {isa = PBXFileReference; lastKnownFileType = sourcecode.swift; path = LoginViewModel.swift; sourceTree = "<group>"; };
		AAAB4DC328BF1507007F0428 /* ListUsersView.swift */ = {isa = PBXFileReference; lastKnownFileType = sourcecode.swift; path = ListUsersView.swift; sourceTree = "<group>"; };
		AAAB4DC528BF16C0007F0428 /* Colores.xcassets */ = {isa = PBXFileReference; lastKnownFileType = folder.assetcatalog; path = Colores.xcassets; sourceTree = "<group>"; };
		AAAB4DC828BF1802007F0428 /* UANavigationView.swift */ = {isa = PBXFileReference; lastKnownFileType = sourcecode.swift; path = UANavigationView.swift; sourceTree = "<group>"; };
		AAAB4DCA28BF22A2007F0428 /* ContentView.swift */ = {isa = PBXFileReference; lastKnownFileType = sourcecode.swift; path = ContentView.swift; sourceTree = "<group>"; };
		AAABE98E28C17A15007785F0 /* ExtImage.swift */ = {isa = PBXFileReference; lastKnownFileType = sourcecode.swift; path = ExtImage.swift; sourceTree = "<group>"; };
		AAABE99228C1811C007785F0 /* DetailUserView.swift */ = {isa = PBXFileReference; lastKnownFileType = sourcecode.swift; path = DetailUserView.swift; sourceTree = "<group>"; };
		AAABE99428C1862D007785F0 /* UINavigationBack.swift */ = {isa = PBXFileReference; lastKnownFileType = sourcecode.swift; path = UINavigationBack.swift; sourceTree = "<group>"; };
		AAABE99628C1881E007785F0 /* DetailUserViewModel.swift */ = {isa = PBXFileReference; lastKnownFileType = sourcecode.swift; path = DetailUserViewModel.swift; sourceTree = "<group>"; };
		AAABE99828C18897007785F0 /* DetailUserModel.swift */ = {isa = PBXFileReference; lastKnownFileType = sourcecode.swift; path = DetailUserModel.swift; sourceTree = "<group>"; };
		AAB987CB28C2B0FD0075BA19 /* UANavigationExit.swift */ = {isa = PBXFileReference; lastKnownFileType = sourcecode.swift; path = UANavigationExit.swift; sourceTree = "<group>"; };
		AAC7A5CE28B97F0200F6A037 /* UsersApp.app */ = {isa = PBXFileReference; explicitFileType = wrapper.application; includeInIndex = 0; path = UsersApp.app; sourceTree = BUILT_PRODUCTS_DIR; };
		AAC7A5D128B97F0200F6A037 /* UsersAppApp.swift */ = {isa = PBXFileReference; lastKnownFileType = sourcecode.swift; path = UsersAppApp.swift; sourceTree = "<group>"; };
		AAC7A5D328B97F0200F6A037 /* LoginView.swift */ = {isa = PBXFileReference; lastKnownFileType = sourcecode.swift; path = LoginView.swift; sourceTree = "<group>"; };
		AAC7A5D528B97F0300F6A037 /* Assets.xcassets */ = {isa = PBXFileReference; lastKnownFileType = folder.assetcatalog; path = Assets.xcassets; sourceTree = "<group>"; };
		AAC7A5D828B97F0300F6A037 /* Preview Assets.xcassets */ = {isa = PBXFileReference; lastKnownFileType = folder.assetcatalog; path = "Preview Assets.xcassets"; sourceTree = "<group>"; };
		AAC7A5E028B97F6B00F6A037 /* HeadersRequest.swift */ = {isa = PBXFileReference; lastKnownFileType = sourcecode.swift; path = HeadersRequest.swift; sourceTree = "<group>"; };
		AAC7A5E228B97F8500F6A037 /* MethodRequest.swift */ = {isa = PBXFileReference; lastKnownFileType = sourcecode.swift; path = MethodRequest.swift; sourceTree = "<group>"; };
		AAC7A5E428B97FAA00F6A037 /* BaseRequests.swift */ = {isa = PBXFileReference; lastKnownFileType = sourcecode.swift; path = BaseRequests.swift; sourceTree = "<group>"; };
		AAC7A5E628B97FE900F6A037 /* ObjetcRequest.swift */ = {isa = PBXFileReference; lastKnownFileType = sourcecode.swift; path = ObjetcRequest.swift; sourceTree = "<group>"; };
		AAC7A5EE28B981AF00F6A037 /* URLs.swift */ = {isa = PBXFileReference; lastKnownFileType = sourcecode.swift; path = URLs.swift; sourceTree = "<group>"; };
		AAC7A5F028B9835A00F6A037 /* LoginModel.swift */ = {isa = PBXFileReference; lastKnownFileType = sourcecode.swift; path = LoginModel.swift; sourceTree = "<group>"; };
/* End PBXFileReference section */

/* Begin PBXFrameworksBuildPhase section */
		AAC7A5CB28B97F0200F6A037 /* Frameworks */ = {
			isa = PBXFrameworksBuildPhase;
			buildActionMask = 2147483647;
			files = (
			);
			runOnlyForDeploymentPostprocessing = 0;
		};
/* End PBXFrameworksBuildPhase section */

/* Begin PBXGroup section */
		AAAB4DC728BF17DD007F0428 /* Navigation */ = {
			isa = PBXGroup;
			children = (
				AAAB4DC828BF1802007F0428 /* UANavigationView.swift */,
				AAABE99428C1862D007785F0 /* UINavigationBack.swift */,
				AAB987CB28C2B0FD0075BA19 /* UANavigationExit.swift */,
			);
			path = Navigation;
			sourceTree = "<group>";
		};
		AAABE98D28C179F8007785F0 /* Utils */ = {
			isa = PBXGroup;
			children = (
				AAAB4DC728BF17DD007F0428 /* Navigation */,
				AAC7A5DF28B97F1F00F6A037 /* Network */,
				AAABE98E28C17A15007785F0 /* ExtImage.swift */,
			);
			path = Utils;
			sourceTree = "<group>";
		};
		AAABE99A28C18C6F007785F0 /* App */ = {
			isa = PBXGroup;
			children = (
				AAC7A5E828B980FE00F6A037 /* Login */,
				AAC7A5E928B9810700F6A037 /* ListUsers */,
				AAC7A5EA28B9810F00F6A037 /* DetailUser */,
			);
			path = App;
			sourceTree = "<group>";
		};
		AAC7A5C528B97F0200F6A037 = {
			isa = PBXGroup;
			children = (
				AAC7A5D028B97F0200F6A037 /* UsersApp */,
				AAC7A5CF28B97F0200F6A037 /* Products */,
			);
			sourceTree = "<group>";
		};
		AAC7A5CF28B97F0200F6A037 /* Products */ = {
			isa = PBXGroup;
			children = (
				AAC7A5CE28B97F0200F6A037 /* UsersApp.app */,
			);
			name = Products;
			sourceTree = "<group>";
		};
		AAC7A5D028B97F0200F6A037 /* UsersApp */ = {
			isa = PBXGroup;
			children = (
				AAABE99A28C18C6F007785F0 /* App */,
				AAABE98D28C179F8007785F0 /* Utils */,
				AAC7A5D128B97F0200F6A037 /* UsersAppApp.swift */,
				AAAB4DCA28BF22A2007F0428 /* ContentView.swift */,
				AAC7A5D528B97F0300F6A037 /* Assets.xcassets */,
				AAC7A5D728B97F0300F6A037 /* Preview Content */,
				AAAB4DC528BF16C0007F0428 /* Colores.xcassets */,
			);
			path = UsersApp;
			sourceTree = "<group>";
		};
		AAC7A5D728B97F0300F6A037 /* Preview Content */ = {
			isa = PBXGroup;
			children = (
				AAC7A5D828B97F0300F6A037 /* Preview Assets.xcassets */,
			);
			path = "Preview Content";
			sourceTree = "<group>";
		};
		AAC7A5DF28B97F1F00F6A037 /* Network */ = {
			isa = PBXGroup;
			children = (
				AAC7A5EC28B9815800F6A037 /* Base */,
				AAC7A5EE28B981AF00F6A037 /* URLs.swift */,
			);
			path = Network;
			sourceTree = "<group>";
		};
		AAC7A5E828B980FE00F6A037 /* Login */ = {
			isa = PBXGroup;
			children = (
				AAC7A5F028B9835A00F6A037 /* LoginModel.swift */,
				AAC7A5D328B97F0200F6A037 /* LoginView.swift */,
				AA91462128B9845600416876 /* LoginViewModel.swift */,
			);
			path = Login;
			sourceTree = "<group>";
		};
		AAC7A5E928B9810700F6A037 /* ListUsers */ = {
			isa = PBXGroup;
			children = (
				AA1D5B1F28C04B7C00F94B07 /* ListUsersModel.swift */,
				AAAB4DC328BF1507007F0428 /* ListUsersView.swift */,
				AA1D5B2128C04BB100F94B07 /* ListUsersViewModel.swift */,
			);
			path = ListUsers;
			sourceTree = "<group>";
		};
		AAC7A5EA28B9810F00F6A037 /* DetailUser */ = {
			isa = PBXGroup;
			children = (
				AAABE99828C18897007785F0 /* DetailUserModel.swift */,
				AAABE99228C1811C007785F0 /* DetailUserView.swift */,
				AAABE99628C1881E007785F0 /* DetailUserViewModel.swift */,
			);
			path = DetailUser;
			sourceTree = "<group>";
		};
		AAC7A5EC28B9815800F6A037 /* Base */ = {
			isa = PBXGroup;
			children = (
				AAC7A5E428B97FAA00F6A037 /* BaseRequests.swift */,
				AAC7A5E028B97F6B00F6A037 /* HeadersRequest.swift */,
				AAC7A5E228B97F8500F6A037 /* MethodRequest.swift */,
				AAC7A5E628B97FE900F6A037 /* ObjetcRequest.swift */,
			);
			path = Base;
			sourceTree = "<group>";
		};
/* End PBXGroup section */

/* Begin PBXNativeTarget section */
		AAC7A5CD28B97F0200F6A037 /* UsersApp */ = {
			isa = PBXNativeTarget;
			buildConfigurationList = AAC7A5DC28B97F0300F6A037 /* Build configuration list for PBXNativeTarget "UsersApp" */;
			buildPhases = (
				AAC7A5CA28B97F0200F6A037 /* Sources */,
				AAC7A5CB28B97F0200F6A037 /* Frameworks */,
				AAC7A5CC28B97F0200F6A037 /* Resources */,
			);
			buildRules = (
			);
			dependencies = (
			);
			name = UsersApp;
			productName = UsersApp;
			productReference = AAC7A5CE28B97F0200F6A037 /* UsersApp.app */;
			productType = "com.apple.product-type.application";
		};
/* End PBXNativeTarget section */

/* Begin PBXProject section */
		AAC7A5C628B97F0200F6A037 /* Project object */ = {
			isa = PBXProject;
			attributes = {
				BuildIndependentTargetsInParallel = 1;
				LastSwiftUpdateCheck = 1340;
				LastUpgradeCheck = 1340;
				TargetAttributes = {
					AAC7A5CD28B97F0200F6A037 = {
						CreatedOnToolsVersion = 13.4.1;
					};
				};
			};
			buildConfigurationList = AAC7A5C928B97F0200F6A037 /* Build configuration list for PBXProject "UsersApp" */;
			compatibilityVersion = "Xcode 13.0";
			developmentRegion = en;
			hasScannedForEncodings = 0;
			knownRegions = (
				en,
				Base,
			);
			mainGroup = AAC7A5C528B97F0200F6A037;
			productRefGroup = AAC7A5CF28B97F0200F6A037 /* Products */;
			projectDirPath = "";
			projectRoot = "";
			targets = (
				AAC7A5CD28B97F0200F6A037 /* UsersApp */,
			);
		};
/* End PBXProject section */

/* Begin PBXResourcesBuildPhase section */
		AAC7A5CC28B97F0200F6A037 /* Resources */ = {
			isa = PBXResourcesBuildPhase;
			buildActionMask = 2147483647;
			files = (
				AAAB4DC628BF16C0007F0428 /* Colores.xcassets in Resources */,
				AAC7A5D928B97F0300F6A037 /* Preview Assets.xcassets in Resources */,
				AAC7A5D628B97F0300F6A037 /* Assets.xcassets in Resources */,
			);
			runOnlyForDeploymentPostprocessing = 0;
		};
/* End PBXResourcesBuildPhase section */

/* Begin PBXSourcesBuildPhase section */
		AAC7A5CA28B97F0200F6A037 /* Sources */ = {
			isa = PBXSourcesBuildPhase;
			buildActionMask = 2147483647;
			files = (
				AAC7A5E328B97F8500F6A037 /* MethodRequest.swift in Sources */,
				AA1D5B2028C04B7C00F94B07 /* ListUsersModel.swift in Sources */,
				AAC7A5D428B97F0200F6A037 /* LoginView.swift in Sources */,
				AAAB4DCB28BF22A3007F0428 /* ContentView.swift in Sources */,
				AAABE99728C1881E007785F0 /* DetailUserViewModel.swift in Sources */,
				AAB987CC28C2B0FD0075BA19 /* UANavigationExit.swift in Sources */,
				AAAB4DC928BF1802007F0428 /* UANavigationView.swift in Sources */,
				AA1D5B2228C04BB100F94B07 /* ListUsersViewModel.swift in Sources */,
				AAC7A5E728B97FE900F6A037 /* ObjetcRequest.swift in Sources */,
				AAC7A5EF28B981AF00F6A037 /* URLs.swift in Sources */,
				AAABE99528C1862D007785F0 /* UINavigationBack.swift in Sources */,
				AAC7A5E128B97F6B00F6A037 /* HeadersRequest.swift in Sources */,
				AAABE98F28C17A15007785F0 /* ExtImage.swift in Sources */,
				AAC7A5F128B9835A00F6A037 /* LoginModel.swift in Sources */,
				AAC7A5D228B97F0200F6A037 /* UsersAppApp.swift in Sources */,
				AAABE99328C1811C007785F0 /* DetailUserView.swift in Sources */,
				AAAB4DC428BF1507007F0428 /* ListUsersView.swift in Sources */,
				AAABE99928C18897007785F0 /* DetailUserModel.swift in Sources */,
				AAC7A5E528B97FAA00F6A037 /* BaseRequests.swift in Sources */,
				AA91462228B9845600416876 /* LoginViewModel.swift in Sources */,
			);
			runOnlyForDeploymentPostprocessing = 0;
		};
/* End PBXSourcesBuildPhase section */

/* Begin XCBuildConfiguration section */
		AAC7A5DA28B97F0300F6A037 /* Debug */ = {
			isa = XCBuildConfiguration;
			buildSettings = {
				ALWAYS_SEARCH_USER_PATHS = NO;
				CLANG_ANALYZER_NONNULL = YES;
				CLANG_ANALYZER_NUMBER_OBJECT_CONVERSION = YES_AGGRESSIVE;
				CLANG_CXX_LANGUAGE_STANDARD = "gnu++17";
				CLANG_ENABLE_MODULES = YES;
				CLANG_ENABLE_OBJC_ARC = YES;
				CLANG_ENABLE_OBJC_WEAK = YES;
				CLANG_WARN_BLOCK_CAPTURE_AUTORELEASING = YES;
				CLANG_WARN_BOOL_CONVERSION = YES;
				CLANG_WARN_COMMA = YES;
				CLANG_WARN_CONSTANT_CONVERSION = YES;
				CLANG_WARN_DEPRECATED_OBJC_IMPLEMENTATIONS = YES;
				CLANG_WARN_DIRECT_OBJC_ISA_USAGE = YES_ERROR;
				CLANG_WARN_DOCUMENTATION_COMMENTS = YES;
				CLANG_WARN_EMPTY_BODY = YES;
				CLANG_WARN_ENUM_CONVERSION = YES;
				CLANG_WARN_INFINITE_RECURSION = YES;
				CLANG_WARN_INT_CONVERSION = YES;
				CLANG_WARN_NON_LITERAL_NULL_CONVERSION = YES;
				CLANG_WARN_OBJC_IMPLICIT_RETAIN_SELF = YES;
				CLANG_WARN_OBJC_LITERAL_CONVERSION = YES;
				CLANG_WARN_OBJC_ROOT_CLASS = YES_ERROR;
				CLANG_WARN_QUOTED_INCLUDE_IN_FRAMEWORK_HEADER = YES;
				CLANG_WARN_RANGE_LOOP_ANALYSIS = YES;
				CLANG_WARN_STRICT_PROTOTYPES = YES;
				CLANG_WARN_SUSPICIOUS_MOVE = YES;
				CLANG_WARN_UNGUARDED_AVAILABILITY = YES_AGGRESSIVE;
				CLANG_WARN_UNREACHABLE_CODE = YES;
				CLANG_WARN__DUPLICATE_METHOD_MATCH = YES;
				COPY_PHASE_STRIP = NO;
				DEBUG_INFORMATION_FORMAT = dwarf;
				ENABLE_STRICT_OBJC_MSGSEND = YES;
				ENABLE_TESTABILITY = YES;
				GCC_C_LANGUAGE_STANDARD = gnu11;
				GCC_DYNAMIC_NO_PIC = NO;
				GCC_NO_COMMON_BLOCKS = YES;
				GCC_OPTIMIZATION_LEVEL = 0;
				GCC_PREPROCESSOR_DEFINITIONS = (
					"DEBUG=1",
					"$(inherited)",
				);
				GCC_WARN_64_TO_32_BIT_CONVERSION = YES;
				GCC_WARN_ABOUT_RETURN_TYPE = YES_ERROR;
				GCC_WARN_UNDECLARED_SELECTOR = YES;
				GCC_WARN_UNINITIALIZED_AUTOS = YES_AGGRESSIVE;
				GCC_WARN_UNUSED_FUNCTION = YES;
				GCC_WARN_UNUSED_VARIABLE = YES;
				IPHONEOS_DEPLOYMENT_TARGET = 15.5;
				MTL_ENABLE_DEBUG_INFO = INCLUDE_SOURCE;
				MTL_FAST_MATH = YES;
				ONLY_ACTIVE_ARCH = YES;
				SDKROOT = iphoneos;
				SWIFT_ACTIVE_COMPILATION_CONDITIONS = DEBUG;
				SWIFT_OPTIMIZATION_LEVEL = "-Onone";
			};
			name = Debug;
		};
		AAC7A5DB28B97F0300F6A037 /* Release */ = {
			isa = XCBuildConfiguration;
			buildSettings = {
				ALWAYS_SEARCH_USER_PATHS = NO;
				CLANG_ANALYZER_NONNULL = YES;
				CLANG_ANALYZER_NUMBER_OBJECT_CONVERSION = YES_AGGRESSIVE;
				CLANG_CXX_LANGUAGE_STANDARD = "gnu++17";
				CLANG_ENABLE_MODULES = YES;
				CLANG_ENABLE_OBJC_ARC = YES;
				CLANG_ENABLE_OBJC_WEAK = YES;
				CLANG_WARN_BLOCK_CAPTURE_AUTORELEASING = YES;
				CLANG_WARN_BOOL_CONVERSION = YES;
				CLANG_WARN_COMMA = YES;
				CLANG_WARN_CONSTANT_CONVERSION = YES;
				CLANG_WARN_DEPRECATED_OBJC_IMPLEMENTATIONS = YES;
				CLANG_WARN_DIRECT_OBJC_ISA_USAGE = YES_ERROR;
				CLANG_WARN_DOCUMENTATION_COMMENTS = YES;
				CLANG_WARN_EMPTY_BODY = YES;
				CLANG_WARN_ENUM_CONVERSION = YES;
				CLANG_WARN_INFINITE_RECURSION = YES;
				CLANG_WARN_INT_CONVERSION = YES;
				CLANG_WARN_NON_LITERAL_NULL_CONVERSION = YES;
				CLANG_WARN_OBJC_IMPLICIT_RETAIN_SELF = YES;
				CLANG_WARN_OBJC_LITERAL_CONVERSION = YES;
				CLANG_WARN_OBJC_ROOT_CLASS = YES_ERROR;
				CLANG_WARN_QUOTED_INCLUDE_IN_FRAMEWORK_HEADER = YES;
				CLANG_WARN_RANGE_LOOP_ANALYSIS = YES;
				CLANG_WARN_STRICT_PROTOTYPES = YES;
				CLANG_WARN_SUSPICIOUS_MOVE = YES;
				CLANG_WARN_UNGUARDED_AVAILABILITY = YES_AGGRESSIVE;
				CLANG_WARN_UNREACHABLE_CODE = YES;
				CLANG_WARN__DUPLICATE_METHOD_MATCH = YES;
				COPY_PHASE_STRIP = NO;
				DEBUG_INFORMATION_FORMAT = "dwarf-with-dsym";
				ENABLE_NS_ASSERTIONS = NO;
				ENABLE_STRICT_OBJC_MSGSEND = YES;
				GCC_C_LANGUAGE_STANDARD = gnu11;
				GCC_NO_COMMON_BLOCKS = YES;
				GCC_WARN_64_TO_32_BIT_CONVERSION = YES;
				GCC_WARN_ABOUT_RETURN_TYPE = YES_ERROR;
				GCC_WARN_UNDECLARED_SELECTOR = YES;
				GCC_WARN_UNINITIALIZED_AUTOS = YES_AGGRESSIVE;
				GCC_WARN_UNUSED_FUNCTION = YES;
				GCC_WARN_UNUSED_VARIABLE = YES;
				IPHONEOS_DEPLOYMENT_TARGET = 15.5;
				MTL_ENABLE_DEBUG_INFO = NO;
				MTL_FAST_MATH = YES;
				SDKROOT = iphoneos;
				SWIFT_COMPILATION_MODE = wholemodule;
				SWIFT_OPTIMIZATION_LEVEL = "-O";
				VALIDATE_PRODUCT = YES;
			};
			name = Release;
		};
		AAC7A5DD28B97F0300F6A037 /* Debug */ = {
			isa = XCBuildConfiguration;
			buildSettings = {
				ASSETCATALOG_COMPILER_APPICON_NAME = AppIcon;
				ASSETCATALOG_COMPILER_GLOBAL_ACCENT_COLOR_NAME = AccentColor;
				CODE_SIGN_STYLE = Automatic;
				CURRENT_PROJECT_VERSION = 1;
				DEVELOPMENT_ASSET_PATHS = "\"UsersApp/Preview Content\"";
				DEVELOPMENT_TEAM = 9TPTHP2V2G;
				ENABLE_PREVIEWS = YES;
				GENERATE_INFOPLIST_FILE = YES;
				INFOPLIST_KEY_UIApplicationSceneManifest_Generation = YES;
				INFOPLIST_KEY_UIApplicationSupportsIndirectInputEvents = YES;
				INFOPLIST_KEY_UILaunchScreen_Generation = YES;
				INFOPLIST_KEY_UISupportedInterfaceOrientations_iPad = "UIInterfaceOrientationPortrait UIInterfaceOrientationPortraitUpsideDown UIInterfaceOrientationLandscapeLeft UIInterfaceOrientationLandscapeRight";
				INFOPLIST_KEY_UISupportedInterfaceOrientations_iPhone = "UIInterfaceOrientationPortrait UIInterfaceOrientationLandscapeLeft UIInterfaceOrientationLandscapeRight";
				LD_RUNPATH_SEARCH_PATHS = (
					"$(inherited)",
					"@executable_path/Frameworks",
				);
				MARKETING_VERSION = 1.0;
				PRODUCT_BUNDLE_IDENTIFIER = com.bugsoft.UsersApp;
				PRODUCT_NAME = "$(TARGET_NAME)";
				SWIFT_EMIT_LOC_STRINGS = YES;
				SWIFT_VERSION = 5.0;
				TARGETED_DEVICE_FAMILY = "1,2";
			};
			name = Debug;
		};
		AAC7A5DE28B97F0300F6A037 /* Release */ = {
			isa = XCBuildConfiguration;
			buildSettings = {
				ASSETCATALOG_COMPILER_APPICON_NAME = AppIcon;
				ASSETCATALOG_COMPILER_GLOBAL_ACCENT_COLOR_NAME = AccentColor;
				CODE_SIGN_STYLE = Automatic;
				CURRENT_PROJECT_VERSION = 1;
				DEVELOPMENT_ASSET_PATHS = "\"UsersApp/Preview Content\"";
				DEVELOPMENT_TEAM = 9TPTHP2V2G;
				ENABLE_PREVIEWS = YES;
				GENERATE_INFOPLIST_FILE = YES;
				INFOPLIST_KEY_UIApplicationSceneManifest_Generation = YES;
				INFOPLIST_KEY_UIApplicationSupportsIndirectInputEvents = YES;
				INFOPLIST_KEY_UILaunchScreen_Generation = YES;
				INFOPLIST_KEY_UISupportedInterfaceOrientations_iPad = "UIInterfaceOrientationPortrait UIInterfaceOrientationPortraitUpsideDown UIInterfaceOrientationLandscapeLeft UIInterfaceOrientationLandscapeRight";
				INFOPLIST_KEY_UISupportedInterfaceOrientations_iPhone = "UIInterfaceOrientationPortrait UIInterfaceOrientationLandscapeLeft UIInterfaceOrientationLandscapeRight";
				LD_RUNPATH_SEARCH_PATHS = (
					"$(inherited)",
					"@executable_path/Frameworks",
				);
				MARKETING_VERSION = 1.0;
				PRODUCT_BUNDLE_IDENTIFIER = com.bugsoft.UsersApp;
				PRODUCT_NAME = "$(TARGET_NAME)";
				SWIFT_EMIT_LOC_STRINGS = YES;
				SWIFT_VERSION = 5.0;
				TARGETED_DEVICE_FAMILY = "1,2";
			};
			name = Release;
		};
/* End XCBuildConfiguration section */

/* Begin XCConfigurationList section */
		AAC7A5C928B97F0200F6A037 /* Build configuration list for PBXProject "UsersApp" */ = {
			isa = XCConfigurationList;
			buildConfigurations = (
				AAC7A5DA28B97F0300F6A037 /* Debug */,
				AAC7A5DB28B97F0300F6A037 /* Release */,
			);
			defaultConfigurationIsVisible = 0;
			defaultConfigurationName = Release;
		};
		AAC7A5DC28B97F0300F6A037 /* Build configuration list for PBXNativeTarget "UsersApp" */ = {
			isa = XCConfigurationList;
			buildConfigurations = (
				AAC7A5DD28B97F0300F6A037 /* Debug */,
				AAC7A5DE28B97F0300F6A037 /* Release */,
			);
			defaultConfigurationIsVisible = 0;
			defaultConfigurationName = Release;
		};
/* End XCConfigurationList section */
	};
	rootObject = AAC7A5C628B97F0200F6A037 /* Project object */;
}
